
Microsoft Visual Studio Solution File, Format Version 12.00
# Visual Studio 15
VisualStudioVersion = 15.0.28010.2003
MinimumVisualStudioVersion = 10.0.40219.1
Project("{FAE04EC0-301F-11D3-BF4B-00C04F79EFBC}") = "PHF_SCP", "PHF_SCP\PHF_SCP.csproj", "{C12C9FBC-EFAE-48FC-ACA4-40740B71B0C0}"
EndProject
Global
	GlobalSection(SolutionConfigurationPlatforms) = preSolution
		Debug|Any CPU = Debug|Any CPU
		Release|Any CPU = Release|Any CPU
	EndGlobalSection
	GlobalSection(ProjectConfigurationPlatforms) = postSolution
		{C12C9FBC-EFAE-48FC-ACA4-40740B71B0C0}.Debug|Any CPU.ActiveCfg = Debug|Any CPU
		{C12C9FBC-EFAE-48FC-ACA4-40740B71B0C0}.Debug|Any CPU.Build.0 = Debug|Any CPU
		{C12C9FBC-EFAE-48FC-ACA4-40740B71B0C0}.Release|Any CPU.ActiveCfg = Release|Any CPU
		{C12C9FBC-EFAE-48FC-ACA4-40740B71B0C0}.Release|Any CPU.Build.0 = Release|Any CPU
	EndGlobalSection
	GlobalSection(SolutionProperties) = preSolution
		HideSolutionNode = FALSE
	EndGlobalSection
	GlobalSection(ExtensibilityGlobals) = postSolution
		SolutionGuid = {BF275B44-7687-41B8-AEC9-7485E858F2AD}
	EndGlobalSection
EndGlobal
